
Microsoft Visual Studio Solution File, Format Version 12.00
# Visual Studio Version 17
VisualStudioVersion = 17.13.35806.99
MinimumVisualStudioVersion = 10.0.40219.1
Project("{FAE04EC0-301F-11D3-BF4B-00C04F79EFBC}") = "App.Eticaret.Mvc", "App.Eticaret.Mvc\App.Eticaret.Mvc.csproj", "{8D4FDAEA-C5E6-40FD-ACD2-A6C729A6A5F3}"
EndProject
Project("{FAE04EC0-301F-11D3-BF4B-00C04F79EFBC}") = "App.Eticaret.Admin.Mvc", "App.Eticaret.Admin.Mvc\App.Eticaret.Admin.Mvc.csproj", "{F1FAB952-E289-413D-AF28-0B2540A7A3EE}"
EndProject
Project("{FAE04EC0-301F-11D3-BF4B-00C04F79EFBC}") = "App.Data", "App.Data\App.Data.csproj", "{8BCFAD7C-B1BA-4E62-B4AD-1AE30216404A}"
EndProject
Project("{FAE04EC0-301F-11D3-BF4B-00C04F79EFBC}") = "App.Data.Api", "App.Data.Api\App.Data.Api.csproj", "{D9FE1AA4-2BA8-4F16-933C-041C211C4655}"
EndProject
Global
	GlobalSection(SolutionConfigurationPlatforms) = preSolution
		Debug|Any CPU = Debug|Any CPU
		Release|Any CPU = Release|Any CPU
	EndGlobalSection
	GlobalSection(ProjectConfigurationPlatforms) = postSolution
		{8D4FDAEA-C5E6-40FD-ACD2-A6C729A6A5F3}.Debug|Any CPU.ActiveCfg = Debug|Any CPU
		{8D4FDAEA-C5E6-40FD-ACD2-A6C729A6A5F3}.Debug|Any CPU.Build.0 = Debug|Any CPU
		{8D4FDAEA-C5E6-40FD-ACD2-A6C729A6A5F3}.Release|Any CPU.ActiveCfg = Release|Any CPU
		{8D4FDAEA-C5E6-40FD-ACD2-A6C729A6A5F3}.Release|Any CPU.Build.0 = Release|Any CPU
		{F1FAB952-E289-413D-AF28-0B2540A7A3EE}.Debug|Any CPU.ActiveCfg = Debug|Any CPU
		{F1FAB952-E289-413D-AF28-0B2540A7A3EE}.Debug|Any CPU.Build.0 = Debug|Any CPU
		{F1FAB952-E289-413D-AF28-0B2540A7A3EE}.Release|Any CPU.ActiveCfg = Release|Any CPU
		{F1FAB952-E289-413D-AF28-0B2540A7A3EE}.Release|Any CPU.Build.0 = Release|Any CPU
		{8BCFAD7C-B1BA-4E62-B4AD-1AE30216404A}.Debug|Any CPU.ActiveCfg = Debug|Any CPU
		{8BCFAD7C-B1BA-4E62-B4AD-1AE30216404A}.Debug|Any CPU.Build.0 = Debug|Any CPU
		{8BCFAD7C-B1BA-4E62-B4AD-1AE30216404A}.Release|Any CPU.ActiveCfg = Release|Any CPU
		{8BCFAD7C-B1BA-4E62-B4AD-1AE30216404A}.Release|Any CPU.Build.0 = Release|Any CPU
		{D9FE1AA4-2BA8-4F16-933C-041C211C4655}.Debug|Any CPU.ActiveCfg = Debug|Any CPU
		{D9FE1AA4-2BA8-4F16-933C-041C211C4655}.Debug|Any CPU.Build.0 = Debug|Any CPU
		{D9FE1AA4-2BA8-4F16-933C-041C211C4655}.Release|Any CPU.ActiveCfg = Release|Any CPU
		{D9FE1AA4-2BA8-4F16-933C-041C211C4655}.Release|Any CPU.Build.0 = Release|Any CPU
	EndGlobalSection
	GlobalSection(SolutionProperties) = preSolution
		HideSolutionNode = FALSE
	EndGlobalSection
	GlobalSection(ExtensibilityGlobals) = postSolution
		SolutionGuid = {1A7273E6-19ED-4EAC-9B67-ADA7F43AFC86}
	EndGlobalSection
EndGlobal
